
Microsoft Visual Studio Solution File, Format Version 12.00
# Visual Studio 2015
Project("{FAE04EC0-301F-11D3-BF4B-00C04F79EFBC}") = "Menu Project.CSharp", "Menu Project.CSharp.csproj", "{2E0D7433-F77F-7D3C-3DC5-F4CE8D515129}"
EndProject
Global
	GlobalSection(SolutionConfigurationPlatforms) = preSolution
		Debug|Any CPU = Debug|Any CPU
		Release|Any CPU = Release|Any CPU
	EndGlobalSection
	GlobalSection(ProjectConfigurationPlatforms) = postSolution
		{2E0D7433-F77F-7D3C-3DC5-F4CE8D515129}.Debug|Any CPU.ActiveCfg = Debug|Any CPU
		{2E0D7433-F77F-7D3C-3DC5-F4CE8D515129}.Debug|Any CPU.Build.0 = Debug|Any CPU
		{2E0D7433-F77F-7D3C-3DC5-F4CE8D515129}.Release|Any CPU.ActiveCfg = Release|Any CPU
		{2E0D7433-F77F-7D3C-3DC5-F4CE8D515129}.Release|Any CPU.Build.0 = Release|Any CPU
	EndGlobalSection
	GlobalSection(SolutionProperties) = preSolution
		HideSolutionNode = FALSE
	EndGlobalSection
EndGlobal
